
Microsoft Visual Studio Solution File, Format Version 11.00
# Visual Studio 2010
Project("{FAE04EC0-301F-11D3-BF4B-00C04F79EFBC}") = "Assembly-CSharp", "Assembly-CSharp.csproj", "{05b98bdd-d117-a6aa-c8a2-213488c298d6}"
EndProject
Project("{FAE04EC0-301F-11D3-BF4B-00C04F79EFBC}") = "Assembly-CSharp-Editor", "Assembly-CSharp-Editor.csproj", "{53a3db6e-bdff-943d-7137-d6d725753550}"
EndProject
Project("{FAE04EC0-301F-11D3-BF4B-00C04F79EFBC}") = "ThryAssemblyDefinition", "ThryAssemblyDefinition.csproj", "{7572c3e0-4235-6dc7-5613-911d75ded82d}"
EndProject
Global
	GlobalSection(SolutionConfigurationPlatforms) = preSolution
		Debug|Any CPU = Debug|Any CPU
	EndGlobalSection
	GlobalSection(ProjectConfigurationPlatforms) = postSolution
		{05b98bdd-d117-a6aa-c8a2-213488c298d6}.Debug|Any CPU.ActiveCfg = Debug|Any CPU
		{05b98bdd-d117-a6aa-c8a2-213488c298d6}.Debug|Any CPU.Build.0 = Debug|Any CPU
		{53a3db6e-bdff-943d-7137-d6d725753550}.Debug|Any CPU.ActiveCfg = Debug|Any CPU
		{53a3db6e-bdff-943d-7137-d6d725753550}.Debug|Any CPU.Build.0 = Debug|Any CPU
		{7572c3e0-4235-6dc7-5613-911d75ded82d}.Debug|Any CPU.ActiveCfg = Debug|Any CPU
		{7572c3e0-4235-6dc7-5613-911d75ded82d}.Debug|Any CPU.Build.0 = Debug|Any CPU
	EndGlobalSection
	GlobalSection(SolutionProperties) = preSolution
		HideSolutionNode = FALSE
	EndGlobalSection
EndGlobal
