
Microsoft Visual Studio Solution File, Format Version 11.00
# Visual Studio 2010
Project("{FAE04EC0-301F-11D3-BF4B-00C04F79EFBC}") = "Assembly-CSharp", "Assembly-CSharp.csproj", "{cb657a4c-1cf8-4310-5d0c-ebbd674ec603}"
EndProject
Project("{FAE04EC0-301F-11D3-BF4B-00C04F79EFBC}") = "ThryAssemblyDefinition", "ThryAssemblyDefinition.csproj", "{705d99ce-e14b-74b4-0cab-f24aaf729c99}"
EndProject
Project("{FAE04EC0-301F-11D3-BF4B-00C04F79EFBC}") = "Assembly-CSharp-Editor", "Assembly-CSharp-Editor.csproj", "{104d08df-1f96-6097-4c79-56d7e9724d26}"
EndProject
Global
	GlobalSection(SolutionConfigurationPlatforms) = preSolution
		Debug|Any CPU = Debug|Any CPU
	EndGlobalSection
	GlobalSection(ProjectConfigurationPlatforms) = postSolution
		{cb657a4c-1cf8-4310-5d0c-ebbd674ec603}.Debug|Any CPU.ActiveCfg = Debug|Any CPU
		{cb657a4c-1cf8-4310-5d0c-ebbd674ec603}.Debug|Any CPU.Build.0 = Debug|Any CPU
		{705d99ce-e14b-74b4-0cab-f24aaf729c99}.Debug|Any CPU.ActiveCfg = Debug|Any CPU
		{705d99ce-e14b-74b4-0cab-f24aaf729c99}.Debug|Any CPU.Build.0 = Debug|Any CPU
		{104d08df-1f96-6097-4c79-56d7e9724d26}.Debug|Any CPU.ActiveCfg = Debug|Any CPU
		{104d08df-1f96-6097-4c79-56d7e9724d26}.Debug|Any CPU.Build.0 = Debug|Any CPU
	EndGlobalSection
	GlobalSection(SolutionProperties) = preSolution
		HideSolutionNode = FALSE
	EndGlobalSection
EndGlobal
